
Microsoft Visual Studio Solution File, Format Version 10.00
# Visual C++ Express 2008
Project("{8BC9CEB8-8B4A-11D0-8D11-00A0C91BC942}") = "readpst", "readpst.vcproj", "{840B7ECC-D34A-4674-84F9-B91B9CE0E77E}"
EndProject
Global
	GlobalSection(SolutionConfigurationPlatforms) = preSolution
		Debug|Win32 = Debug|Win32
		Release|Win32 = Release|Win32
	EndGlobalSection
	GlobalSection(ProjectConfigurationPlatforms) = postSolution
		{840B7ECC-D34A-4674-84F9-B91B9CE0E77E}.Debug|Win32.ActiveCfg = Debug|Win32
		{840B7ECC-D34A-4674-84F9-B91B9CE0E77E}.Debug|Win32.Build.0 = Debug|Win32
		{840B7ECC-D34A-4674-84F9-B91B9CE0E77E}.Release|Win32.ActiveCfg = Release|Win32
		{840B7ECC-D34A-4674-84F9-B91B9CE0E77E}.Release|Win32.Build.0 = Release|Win32
	EndGlobalSection
	GlobalSection(SolutionProperties) = preSolution
		HideSolutionNode = FALSE
	EndGlobalSection
EndGlobal
